<?xml version="1.0" encoding="utf-8"?>
<Project ToolsVersion="4.0" xmlns="http://schemas.microsoft.com/developer/msbuild/2003">
  <ItemGroup>
    <Filter Include="Source Files">
      <UniqueIdentifier>{4FC737F1-C7A5-4376-A066-2A32D752A2FF}</UniqueIdentifier>
      <Extensions>cpp;c;cc;cxx;c++;cppm;ixx;def;odl;idl;hpj;bat;asm;asmx</Extensions>
    </Filter>
    <Filter Include="Header Files">
      <UniqueIdentifier>{93995380-89BD-4b04-88EB-625FBE52EBFB}</UniqueIdentifier>
      <Extensions>h;hh;hpp;hxx;h++;hm;inl;inc;ipp;xsd</Extensions>
    </Filter>
    <Filter Include="Resource Files">
      <UniqueIdentifier>{67DA6AB6-F800-4c08-8B7A-83BB121AAD01}</UniqueIdentifier>
      <Extensions>rc;ico;cur;bmp;dlg;rc2;rct;bin;rgs;gif;jpg;jpeg;jpe;resx;tiff;tif;png;wav;mfcribbon-ms</Extensions>
    </Filter>
    <Filter Include="Core">
      <UniqueIdentifier>{f8e0857b-ba3e-4b08-894c-80e1a03cb68f}</UniqueIdentifier>
    </Filter>
    <Filter Include="Base">
      <UniqueIdentifier>{6ea715a6-2f0c-49d8-a1d8-a481160dd2d3}</UniqueIdentifier>
    </Filter>
    <Filter Include="Core\Render">
      <UniqueIdentifier>{52eafd32-0f39-4421-945d-95352349fe16}</UniqueIdentifier>
    </Filter>
    <Filter Include="Config">
      <UniqueIdentifier>{875cf077-1031-453c-8d3b-6b0a6dbf0c8f}</UniqueIdentifier>
    </Filter>
  </ItemGroup>
  <ItemGroup>
    <ClCompile Include="main.cpp">
      <Filter>Source Files</Filter>
    </ClCompile>
    <ClCompile Include="Logger.cpp">
      <Filter>Source Files</Filter>
    </ClCompile>
    <ClCompile Include="util.cpp">
      <Filter>Source Files</Filter>
    </ClCompile>
    <ClCompile Include="Game.cpp">
      <Filter>Core</Filter>
    </ClCompile>
    <ClCompile Include="Render.cpp">
      <Filter>Core</Filter>
    </ClCompile>
    <ClCompile Include="Memory.cpp">
      <Filter>Core</Filter>
    </ClCompile>
    <ClCompile Include="offset.h">
      <Filter>Core</Filter>
    </ClCompile>
    <ClCompile Include="NativeHandle.cpp">
      <Filter>Base</Filter>
    </ClCompile>
    <ClCompile Include="HealthBar.cpp">
      <Filter>Core\Render</Filter>
    </ClCompile>
    <ClCompile Include="Radar.cpp">
      <Filter>Core\Render</Filter>
    </ClCompile>
    <ClCompile Include="AimBot.cpp">
      <Filter>Core</Filter>
    </ClCompile>
    <ClCompile Include="menu_config.cpp">
      <Filter>Config</Filter>
    </ClCompile>
    <ClCompile Include="menu_config.hpp">
      <Filter>Config</Filter>
    </ClCompile>
    <ClCompile Include="IniFile.cpp">
      <Filter>Config</Filter>
    </ClCompile>
    <ClCompile Include="KmBox.cpp">
      <Filter>Core</Filter>
    </ClCompile>
    <ClCompile Include="KmBox\kmboxNet.cpp">
      <Filter>Core</Filter>
    </ClCompile>
    <ClCompile Include="KmBox\my_enc.cpp">
      <Filter>Core</Filter>
    </ClCompile>
    <ClCompile Include="PIDController.cpp">
      <Filter>Core</Filter>
    </ClCompile>
  </ItemGroup>
  <ItemGroup>
    <ClInclude Include="Logger.h">
      <Filter>Header Files</Filter>
    </ClInclude>
    <ClInclude Include="util.h">
      <Filter>Header Files</Filter>
    </ClInclude>
    <ClInclude Include="Game.h">
      <Filter>Core</Filter>
    </ClInclude>
    <ClInclude Include="Render.h">
      <Filter>Core</Filter>
    </ClInclude>
    <ClInclude Include="Memory.hpp">
      <Filter>Core</Filter>
    </ClInclude>
    <ClInclude Include="NativeHandle.h">
      <Filter>Base</Filter>
    </ClInclude>
    <ClInclude Include="HealthBar.h">
      <Filter>Core\Render</Filter>
    </ClInclude>
    <ClInclude Include="Radar.h">
      <Filter>Core\Render</Filter>
    </ClInclude>
    <ClInclude Include="xorstr.hpp">
      <Filter>Header Files</Filter>
    </ClInclude>
    <ClInclude Include="AimBot.h">
      <Filter>Core</Filter>
    </ClInclude>
    <ClInclude Include="FrameConetxt.h">
      <Filter>Core</Filter>
    </ClInclude>
    <ClInclude Include="IniFile.h">
      <Filter>Config</Filter>
    </ClInclude>
    <ClInclude Include="KmBox.h">
      <Filter>Core</Filter>
    </ClInclude>
    <ClInclude Include="KmBox\HidTable.h">
      <Filter>Core</Filter>
    </ClInclude>
    <ClInclude Include="KmBox\kmboxNet.h">
      <Filter>Core</Filter>
    </ClInclude>
    <ClInclude Include="KmBox\my_enc.h">
      <Filter>Core</Filter>
    </ClInclude>
    <ClInclude Include="PIDController.h">
      <Filter>Core</Filter>
    </ClInclude>
  </ItemGroup>
</Project>